
Microsoft Visual Studio Solution File, Format Version 11.00
# Visual Studio 2010
Project("{FAE04EC0-301F-11D3-BF4B-00C04F79EFBC}") = "Assembly-CSharp", "Assembly-CSharp.csproj", "{3d1e60cc-3e2f-a889-164a-03bed7648a7d}"
EndProject
Project("{FAE04EC0-301F-11D3-BF4B-00C04F79EFBC}") = "Assembly-CSharp-Editor", "Assembly-CSharp-Editor.csproj", "{d38df1fc-cb24-9d28-f47f-5e705241b49d}"
EndProject
Project("{FAE04EC0-301F-11D3-BF4B-00C04F79EFBC}") = "Assembly-CSharp-Editor-firstpass", "Assembly-CSharp-Editor-firstpass.csproj", "{8882cb4b-4075-fb5f-d341-6e5200642733}"
EndProject
Global
	GlobalSection(SolutionConfigurationPlatforms) = preSolution
		Debug|Any CPU = Debug|Any CPU
	EndGlobalSection
	GlobalSection(ProjectConfigurationPlatforms) = postSolution
		{3d1e60cc-3e2f-a889-164a-03bed7648a7d}.Debug|Any CPU.ActiveCfg = Debug|Any CPU
		{3d1e60cc-3e2f-a889-164a-03bed7648a7d}.Debug|Any CPU.Build.0 = Debug|Any CPU
		{d38df1fc-cb24-9d28-f47f-5e705241b49d}.Debug|Any CPU.ActiveCfg = Debug|Any CPU
		{d38df1fc-cb24-9d28-f47f-5e705241b49d}.Debug|Any CPU.Build.0 = Debug|Any CPU
		{8882cb4b-4075-fb5f-d341-6e5200642733}.Debug|Any CPU.ActiveCfg = Debug|Any CPU
		{8882cb4b-4075-fb5f-d341-6e5200642733}.Debug|Any CPU.Build.0 = Debug|Any CPU
	EndGlobalSection
	GlobalSection(SolutionProperties) = preSolution
		HideSolutionNode = FALSE
	EndGlobalSection
EndGlobal
